
Microsoft Visual Studio Solution File, Format Version 12.00
# Visual Studio Version 17
VisualStudioVersion = 17.1.32319.34
MinimumVisualStudioVersion = 10.0.40219.1
Project("{FAE04EC0-301F-11D3-BF4B-00C04F79EFBC}") = "WpfApp1", "WpfApp1\WpfApp1.csproj", "{04820AB1-D87D-405A-AAAA-D6A136BC8BBC}"
EndProject
Global
	GlobalSection(SolutionConfigurationPlatforms) = preSolution
		Debug|Any CPU = Debug|Any CPU
		Release|Any CPU = Release|Any CPU
	EndGlobalSection
	GlobalSection(ProjectConfigurationPlatforms) = postSolution
		{04820AB1-D87D-405A-AAAA-D6A136BC8BBC}.Debug|Any CPU.ActiveCfg = Debug|Any CPU
		{04820AB1-D87D-405A-AAAA-D6A136BC8BBC}.Debug|Any CPU.Build.0 = Debug|Any CPU
		{04820AB1-D87D-405A-AAAA-D6A136BC8BBC}.Release|Any CPU.ActiveCfg = Release|Any CPU
		{04820AB1-D87D-405A-AAAA-D6A136BC8BBC}.Release|Any CPU.Build.0 = Release|Any CPU
	EndGlobalSection
	GlobalSection(SolutionProperties) = preSolution
		HideSolutionNode = FALSE
	EndGlobalSection
	GlobalSection(ExtensibilityGlobals) = postSolution
		SolutionGuid = {DAA19B93-BB1D-47AF-AD68-ED9F0792A852}
	EndGlobalSection
EndGlobal
